
Microsoft Visual Studio Solution File, Format Version 12.00
# Visual Studio Version 17
VisualStudioVersion = 17.10.35122.118
MinimumVisualStudioVersion = 10.0.40219.1
Project("{FAE04EC0-301F-11D3-BF4B-00C04F79EFBC}") = "RainfrostMod", "RainfrostMod.csproj", "{689635BA-7927-4222-AF72-69841EB9C344}"
EndProject
Global
	GlobalSection(SolutionConfigurationPlatforms) = preSolution
		Debug|Any CPU = Debug|Any CPU
		Release|Any CPU = Release|Any CPU
	EndGlobalSection
	GlobalSection(ProjectConfigurationPlatforms) = postSolution
		{689635BA-7927-4222-AF72-69841EB9C344}.Debug|Any CPU.ActiveCfg = Debug|Any CPU
		{689635BA-7927-4222-AF72-69841EB9C344}.Debug|Any CPU.Build.0 = Debug|Any CPU
		{689635BA-7927-4222-AF72-69841EB9C344}.Release|Any CPU.ActiveCfg = Release|Any CPU
		{689635BA-7927-4222-AF72-69841EB9C344}.Release|Any CPU.Build.0 = Release|Any CPU
	EndGlobalSection
	GlobalSection(SolutionProperties) = preSolution
		HideSolutionNode = FALSE
	EndGlobalSection
	GlobalSection(ExtensibilityGlobals) = postSolution
		SolutionGuid = {E5036CF2-7B54-49F2-B9B4-3EA07084464E}
	EndGlobalSection
EndGlobal
